
Microsoft Visual Studio Solution File, Format Version 12.00
# Visual Studio Version 17
VisualStudioVersion = 17.13.36105.23 d17.13
MinimumVisualStudioVersion = 10.0.40219.1
Project("{54A90642-561A-4BB1-A94E-469ADEE60C69}") = "webapp.client", "webapp.client\webapp.client.esproj", "{43BD4B97-0D09-F2F9-AB42-F44BF4AEDF5F}"
EndProject
Project("{FAE04EC0-301F-11D3-BF4B-00C04F79EFBC}") = "WebApp.Server", "WebApp.Server\WebApp.Server.csproj", "{77BF5170-A1D6-41B2-96F9-E41367CD5158}"
EndProject
Global
	GlobalSection(SolutionConfigurationPlatforms) = preSolution
		Debug|Any CPU = Debug|Any CPU
		Release|Any CPU = Release|Any CPU
	EndGlobalSection
	GlobalSection(ProjectConfigurationPlatforms) = postSolution
		{43BD4B97-0D09-F2F9-AB42-F44BF4AEDF5F}.Debug|Any CPU.ActiveCfg = Debug|Any CPU
		{43BD4B97-0D09-F2F9-AB42-F44BF4AEDF5F}.Debug|Any CPU.Build.0 = Debug|Any CPU
		{43BD4B97-0D09-F2F9-AB42-F44BF4AEDF5F}.Debug|Any CPU.Deploy.0 = Debug|Any CPU
		{43BD4B97-0D09-F2F9-AB42-F44BF4AEDF5F}.Release|Any CPU.ActiveCfg = Release|Any CPU
		{43BD4B97-0D09-F2F9-AB42-F44BF4AEDF5F}.Release|Any CPU.Build.0 = Release|Any CPU
		{43BD4B97-0D09-F2F9-AB42-F44BF4AEDF5F}.Release|Any CPU.Deploy.0 = Release|Any CPU
		{77BF5170-A1D6-41B2-96F9-E41367CD5158}.Debug|Any CPU.ActiveCfg = Debug|Any CPU
		{77BF5170-A1D6-41B2-96F9-E41367CD5158}.Debug|Any CPU.Build.0 = Debug|Any CPU
		{77BF5170-A1D6-41B2-96F9-E41367CD5158}.Release|Any CPU.ActiveCfg = Release|Any CPU
		{77BF5170-A1D6-41B2-96F9-E41367CD5158}.Release|Any CPU.Build.0 = Release|Any CPU
	EndGlobalSection
	GlobalSection(SolutionProperties) = preSolution
		HideSolutionNode = FALSE
	EndGlobalSection
	GlobalSection(ExtensibilityGlobals) = postSolution
		SolutionGuid = {E560F81E-5112-4952-B6BC-263282F98FA4}
	EndGlobalSection
EndGlobal
